
Microsoft Visual Studio Solution File, Format Version 12.00
Project("{FAE04EC0-301F-11D3-BF4B-00C04F79EFBC}") = "PrGenLib", "..\PrGenLib\PrGenLib.csproj", "{857E9BAD-1967-40C3-928C-EB315E44C44E}"
EndProject
Project("{FAE04EC0-301F-11D3-BF4B-00C04F79EFBC}") = "BaseClasses", "..\base\BaseClasses\BaseClasses.csproj", "{B43A4183-4CA0-44A4-8D44-918A8C0081AB}"
EndProject
Project("{FAE04EC0-301F-11D3-BF4B-00C04F79EFBC}") = "Procedural_v2", "Procedural_v2\Procedural_v2.csproj", "{26E94319-FF45-4C3C-82B0-015E64214FEB}"
EndProject
Project("{FAE04EC0-301F-11D3-BF4B-00C04F79EFBC}") = "AIGenerator", "..\AI\AIGenerator\AIGenerator.csproj", "{4C8BFE58-99A5-4A15-82A9-A052F6FA216F}"
EndProject
Project("{FAE04EC0-301F-11D3-BF4B-00C04F79EFBC}") = "BaseClasses.Tests", "..\base\BaseClasses.Tests\BaseClasses.Tests.csproj", "{4088503E-B6F0-4D12-AD25-883C86117710}"
EndProject
Project("{FAE04EC0-301F-11D3-BF4B-00C04F79EFBC}") = "ConsoleApp1", "ConsoleApp1\ConsoleApp1.csproj", "{27D47CF5-4CAA-4D9B-B829-37F0AEF99685}"
EndProject
Project("{FAE04EC0-301F-11D3-BF4B-00C04F79EFBC}") = "SliccDB", "..\base\SliccDB\SliccDB.csproj", "{FBDBBAB9-8E9E-4165-A214-ADB3C83541D7}"
EndProject
Global
	GlobalSection(SolutionConfigurationPlatforms) = preSolution
		Debug|Any CPU = Debug|Any CPU
		Release|Any CPU = Release|Any CPU
	EndGlobalSection
	GlobalSection(ProjectConfigurationPlatforms) = postSolution
		{857E9BAD-1967-40C3-928C-EB315E44C44E}.Debug|Any CPU.ActiveCfg = Debug|Any CPU
		{857E9BAD-1967-40C3-928C-EB315E44C44E}.Debug|Any CPU.Build.0 = Debug|Any CPU
		{857E9BAD-1967-40C3-928C-EB315E44C44E}.Release|Any CPU.ActiveCfg = Release|Any CPU
		{857E9BAD-1967-40C3-928C-EB315E44C44E}.Release|Any CPU.Build.0 = Release|Any CPU
		{B43A4183-4CA0-44A4-8D44-918A8C0081AB}.Debug|Any CPU.ActiveCfg = Debug|Any CPU
		{B43A4183-4CA0-44A4-8D44-918A8C0081AB}.Debug|Any CPU.Build.0 = Debug|Any CPU
		{B43A4183-4CA0-44A4-8D44-918A8C0081AB}.Release|Any CPU.ActiveCfg = Release|Any CPU
		{B43A4183-4CA0-44A4-8D44-918A8C0081AB}.Release|Any CPU.Build.0 = Release|Any CPU
		{26E94319-FF45-4C3C-82B0-015E64214FEB}.Debug|Any CPU.ActiveCfg = Debug|Any CPU
		{26E94319-FF45-4C3C-82B0-015E64214FEB}.Debug|Any CPU.Build.0 = Debug|Any CPU
		{26E94319-FF45-4C3C-82B0-015E64214FEB}.Release|Any CPU.ActiveCfg = Release|Any CPU
		{26E94319-FF45-4C3C-82B0-015E64214FEB}.Release|Any CPU.Build.0 = Release|Any CPU
		{4C8BFE58-99A5-4A15-82A9-A052F6FA216F}.Debug|Any CPU.ActiveCfg = Debug|Any CPU
		{4C8BFE58-99A5-4A15-82A9-A052F6FA216F}.Debug|Any CPU.Build.0 = Debug|Any CPU
		{4C8BFE58-99A5-4A15-82A9-A052F6FA216F}.Release|Any CPU.ActiveCfg = Release|Any CPU
		{4C8BFE58-99A5-4A15-82A9-A052F6FA216F}.Release|Any CPU.Build.0 = Release|Any CPU
		{4088503E-B6F0-4D12-AD25-883C86117710}.Debug|Any CPU.ActiveCfg = Debug|Any CPU
		{4088503E-B6F0-4D12-AD25-883C86117710}.Debug|Any CPU.Build.0 = Debug|Any CPU
		{4088503E-B6F0-4D12-AD25-883C86117710}.Release|Any CPU.ActiveCfg = Release|Any CPU
		{4088503E-B6F0-4D12-AD25-883C86117710}.Release|Any CPU.Build.0 = Release|Any CPU
		{27D47CF5-4CAA-4D9B-B829-37F0AEF99685}.Debug|Any CPU.ActiveCfg = Debug|Any CPU
		{27D47CF5-4CAA-4D9B-B829-37F0AEF99685}.Debug|Any CPU.Build.0 = Debug|Any CPU
		{27D47CF5-4CAA-4D9B-B829-37F0AEF99685}.Release|Any CPU.ActiveCfg = Release|Any CPU
		{27D47CF5-4CAA-4D9B-B829-37F0AEF99685}.Release|Any CPU.Build.0 = Release|Any CPU
		{FBDBBAB9-8E9E-4165-A214-ADB3C83541D7}.Debug|Any CPU.ActiveCfg = Debug|Any CPU
		{FBDBBAB9-8E9E-4165-A214-ADB3C83541D7}.Debug|Any CPU.Build.0 = Debug|Any CPU
		{FBDBBAB9-8E9E-4165-A214-ADB3C83541D7}.Release|Any CPU.ActiveCfg = Release|Any CPU
		{FBDBBAB9-8E9E-4165-A214-ADB3C83541D7}.Release|Any CPU.Build.0 = Release|Any CPU
	EndGlobalSection
EndGlobal
