
Microsoft Visual Studio Solution File, Format Version 11.00
# Visual Studio 2010
Project("{FAE04EC0-301F-11D3-BF4B-00C04F79EFBC}") = "Assembly-CSharp", "Assembly-CSharp.csproj", "{8fb53619-24a2-e13a-484c-3315ed306c64}"
EndProject
Project("{FAE04EC0-301F-11D3-BF4B-00C04F79EFBC}") = "Assembly-CSharp-firstpass", "Assembly-CSharp-firstpass.csproj", "{0fdf2e61-ee97-b52c-825e-edbbec666bee}"
EndProject
Global
	GlobalSection(SolutionConfigurationPlatforms) = preSolution
		Debug|Any CPU = Debug|Any CPU
	EndGlobalSection
	GlobalSection(ProjectConfigurationPlatforms) = postSolution
		{8fb53619-24a2-e13a-484c-3315ed306c64}.Debug|Any CPU.ActiveCfg = Debug|Any CPU
		{8fb53619-24a2-e13a-484c-3315ed306c64}.Debug|Any CPU.Build.0 = Debug|Any CPU
		{0fdf2e61-ee97-b52c-825e-edbbec666bee}.Debug|Any CPU.ActiveCfg = Debug|Any CPU
		{0fdf2e61-ee97-b52c-825e-edbbec666bee}.Debug|Any CPU.Build.0 = Debug|Any CPU
	EndGlobalSection
	GlobalSection(SolutionProperties) = preSolution
		HideSolutionNode = FALSE
	EndGlobalSection
EndGlobal
