
Microsoft Visual Studio Solution File, Format Version 12.00
# Visual Studio Version 17
VisualStudioVersion = 17.9.34607.119
MinimumVisualStudioVersion = 10.0.40219.1
Project("{FAE04EC0-301F-11D3-BF4B-00C04F79EFBC}") = "AITest", "AITest.csproj", "{49398E12-5518-4C79-BC40-CAFFE47520C0}"
EndProject
Project("{FAE04EC0-301F-11D3-BF4B-00C04F79EFBC}") = "AIGenerator", "..\AIGenerator\AIGenerator.csproj", "{72D00323-D1FE-4864-8C03-73F0477904CA}"
EndProject
Project("{FAE04EC0-301F-11D3-BF4B-00C04F79EFBC}") = "BaseClasses", "..\..\base\BaseClasses\BaseClasses.csproj", "{046A8B88-53D2-4FC3-8D94-E28BCABCE0DD}"
EndProject
Global
	GlobalSection(SolutionConfigurationPlatforms) = preSolution
		Debug|Any CPU = Debug|Any CPU
		Release|Any CPU = Release|Any CPU
	EndGlobalSection
	GlobalSection(ProjectConfigurationPlatforms) = postSolution
		{49398E12-5518-4C79-BC40-CAFFE47520C0}.Debug|Any CPU.ActiveCfg = Debug|Any CPU
		{49398E12-5518-4C79-BC40-CAFFE47520C0}.Debug|Any CPU.Build.0 = Debug|Any CPU
		{49398E12-5518-4C79-BC40-CAFFE47520C0}.Release|Any CPU.ActiveCfg = Release|Any CPU
		{49398E12-5518-4C79-BC40-CAFFE47520C0}.Release|Any CPU.Build.0 = Release|Any CPU
		{72D00323-D1FE-4864-8C03-73F0477904CA}.Debug|Any CPU.ActiveCfg = Debug|Any CPU
		{72D00323-D1FE-4864-8C03-73F0477904CA}.Debug|Any CPU.Build.0 = Debug|Any CPU
		{72D00323-D1FE-4864-8C03-73F0477904CA}.Release|Any CPU.ActiveCfg = Release|Any CPU
		{72D00323-D1FE-4864-8C03-73F0477904CA}.Release|Any CPU.Build.0 = Release|Any CPU
		{046A8B88-53D2-4FC3-8D94-E28BCABCE0DD}.Debug|Any CPU.ActiveCfg = Debug|Any CPU
		{046A8B88-53D2-4FC3-8D94-E28BCABCE0DD}.Debug|Any CPU.Build.0 = Debug|Any CPU
		{046A8B88-53D2-4FC3-8D94-E28BCABCE0DD}.Release|Any CPU.ActiveCfg = Release|Any CPU
		{046A8B88-53D2-4FC3-8D94-E28BCABCE0DD}.Release|Any CPU.Build.0 = Release|Any CPU
	EndGlobalSection
	GlobalSection(SolutionProperties) = preSolution
		HideSolutionNode = FALSE
	EndGlobalSection
	GlobalSection(ExtensibilityGlobals) = postSolution
		SolutionGuid = {A40CC7D4-A2C6-4F12-8D08-0B02ACDC9847}
	EndGlobalSection
EndGlobal
